// !$*UTF8*$!
{
	archiveVersion = 1;
	classes = {
	};
	objectVersion = 50;
	objects = {

/* Begin PBXBuildFile section */
		A0974A1E24A62CAA00C16547 /* AppDelegate.m in Sources */ = {isa = PBXBuildFile; fileRef = A0974A1D24A62CAA00C16547 /* AppDelegate.m */; };
		A0974A2124A62CAA00C16547 /* SceneDelegate.m in Sources */ = {isa = PBXBuildFile; fileRef = A0974A2024A62CAA00C16547 /* SceneDelegate.m */; };
		A0974A2424A62CAA00C16547 /* ViewController.m in Sources */ = {isa = PBXBuildFile; fileRef = A0974A2324A62CAA00C16547 /* ViewController.m */; };
		A0974A2724A62CAA00C16547 /* Main.storyboard in Resources */ = {isa = PBXBuildFile; fileRef = A0974A2524A62CAA00C16547 /* Main.storyboard */; };
		A0974A2924A62CAB00C16547 /* Assets.xcassets in Resources */ = {isa = PBXBuildFile; fileRef = A0974A2824A62CAB00C16547 /* Assets.xcassets */; };
		A0974A2C24A62CAB00C16547 /* LaunchScreen.storyboard in Resources */ = {isa = PBXBuildFile; fileRef = A0974A2A24A62CAB00C16547 /* LaunchScreen.storyboard */; };
		A0974A2F24A62CAB00C16547 /* main.m in Sources */ = {isa = PBXBuildFile; fileRef = A0974A2E24A62CAB00C16547 /* main.m */; };
		A0974A3724A62CE000C16547 /* DatePickerViewController.m in Sources */ = {isa = PBXBuildFile; fileRef = A0974A3624A62CE000C16547 /* DatePickerViewController.m */; };
		A0974A3D24A62D0700C16547 /* DoubleComponentPickerViewController.m in Sources */ = {isa = PBXBuildFile; fileRef = A0974A3C24A62D0700C16547 /* DoubleComponentPickerViewController.m */; };
		A0974A4024A62D3500C16547 /* SingleComponentPickerViewController.m in Sources */ = {isa = PBXBuildFile; fileRef = A0974A3F24A62D3500C16547 /* SingleComponentPickerViewController.m */; };
		A0974A4324A62D5500C16547 /* DependentComponentPickerViewController.m in Sources */ = {isa = PBXBuildFile; fileRef = A0974A4224A62D5500C16547 /* DependentComponentPickerViewController.m */; };
		A0974A4624A62D6500C16547 /* CustomPickerViewController.m in Sources */ = {isa = PBXBuildFile; fileRef = A0974A4524A62D6500C16547 /* CustomPickerViewController.m */; };
/* End PBXBuildFile section */

/* Begin PBXFileReference section */
		A0974A1924A62CAA00C16547 /* Pickers.app */ = {isa = PBXFileReference; explicitFileType = wrapper.application; includeInIndex = 0; path = Pickers.app; sourceTree = BUILT_PRODUCTS_DIR; };
		A0974A1C24A62CAA00C16547 /* AppDelegate.h */ = {isa = PBXFileReference; lastKnownFileType = sourcecode.c.h; path = AppDelegate.h; sourceTree = "<group>"; };
		A0974A1D24A62CAA00C16547 /* AppDelegate.m */ = {isa = PBXFileReference; lastKnownFileType = sourcecode.c.objc; path = AppDelegate.m; sourceTree = "<group>"; };
		A0974A1F24A62CAA00C16547 /* SceneDelegate.h */ = {isa = PBXFileReference; lastKnownFileType = sourcecode.c.h; path = SceneDelegate.h; sourceTree = "<group>"; };
		A0974A2024A62CAA00C16547 /* SceneDelegate.m */ = {isa = PBXFileReference; lastKnownFileType = sourcecode.c.objc; path = SceneDelegate.m; sourceTree = "<group>"; };
		A0974A2224A62CAA00C16547 /* ViewController.h */ = {isa = PBXFileReference; lastKnownFileType = sourcecode.c.h; path = ViewController.h; sourceTree = "<group>"; };
		A0974A2324A62CAA00C16547 /* ViewController.m */ = {isa = PBXFileReference; lastKnownFileType = sourcecode.c.objc; path = ViewController.m; sourceTree = "<group>"; };
		A0974A2624A62CAA00C16547 /* Base */ = {isa = PBXFileReference; lastKnownFileType = file.storyboard; name = Base; path = Base.lproj/Main.storyboard; sourceTree = "<group>"; };
		A0974A2824A62CAB00C16547 /* Assets.xcassets */ = {isa = PBXFileReference; lastKnownFileType = folder.assetcatalog; path = Assets.xcassets; sourceTree = "<group>"; };
		A0974A2B24A62CAB00C16547 /* Base */ = {isa = PBXFileReference; lastKnownFileType = file.storyboard; name = Base; path = Base.lproj/LaunchScreen.storyboard; sourceTree = "<group>"; };
		A0974A2D24A62CAB00C16547 /* Info.plist */ = {isa = PBXFileReference; lastKnownFileType = text.plist.xml; path = Info.plist; sourceTree = "<group>"; };
		A0974A2E24A62CAB00C16547 /* main.m */ = {isa = PBXFileReference; lastKnownFileType = sourcecode.c.objc; path = main.m; sourceTree = "<group>"; };
		A0974A3524A62CE000C16547 /* DatePickerViewController.h */ = {isa = PBXFileReference; lastKnownFileType = sourcecode.c.h; path = DatePickerViewController.h; sourceTree = "<group>"; };
		A0974A3624A62CE000C16547 /* DatePickerViewController.m */ = {isa = PBXFileReference; lastKnownFileType = sourcecode.c.objc; path = DatePickerViewController.m; sourceTree = "<group>"; };
		A0974A3B24A62D0700C16547 /* DoubleComponentPickerViewController.h */ = {isa = PBXFileReference; lastKnownFileType = sourcecode.c.h; path = DoubleComponentPickerViewController.h; sourceTree = "<group>"; };
		A0974A3C24A62D0700C16547 /* DoubleComponentPickerViewController.m */ = {isa = PBXFileReference; lastKnownFileType = sourcecode.c.objc; path = DoubleComponentPickerViewController.m; sourceTree = "<group>"; };
		A0974A3E24A62D3500C16547 /* SingleComponentPickerViewController.h */ = {isa = PBXFileReference; lastKnownFileType = sourcecode.c.h; path = SingleComponentPickerViewController.h; sourceTree = "<group>"; };
		A0974A3F24A62D3500C16547 /* SingleComponentPickerViewController.m */ = {isa = PBXFileReference; lastKnownFileType = sourcecode.c.objc; path = SingleComponentPickerViewController.m; sourceTree = "<group>"; };
		A0974A4124A62D5500C16547 /* DependentComponentPickerViewController.h */ = {isa = PBXFileReference; lastKnownFileType = sourcecode.c.h; path = DependentComponentPickerViewController.h; sourceTree = "<group>"; };
		A0974A4224A62D5500C16547 /* DependentComponentPickerViewController.m */ = {isa = PBXFileReference; lastKnownFileType = sourcecode.c.objc; path = DependentComponentPickerViewController.m; sourceTree = "<group>"; };
		A0974A4424A62D6500C16547 /* CustomPickerViewController.h */ = {isa = PBXFileReference; lastKnownFileType = sourcecode.c.h; path = CustomPickerViewController.h; sourceTree = "<group>"; };
		A0974A4524A62D6500C16547 /* CustomPickerViewController.m */ = {isa = PBXFileReference; lastKnownFileType = sourcecode.c.objc; path = CustomPickerViewController.m; sourceTree = "<group>"; };
/* End PBXFileReference section */

/* Begin PBXFrameworksBuildPhase section */
		A0974A1624A62CAA00C16547 /* Frameworks */ = {
			isa = PBXFrameworksBuildPhase;
			buildActionMask = 2147483647;
			files = (
			);
			runOnlyForDeploymentPostprocessing = 0;
		};
/* End PBXFrameworksBuildPhase section */

/* Begin PBXGroup section */
		A0974A1024A62CAA00C16547 = {
			isa = PBXGroup;
			children = (
				A0974A3E24A62D3500C16547 /* SingleComponentPickerViewController.h */,
				A0974A3F24A62D3500C16547 /* SingleComponentPickerViewController.m */,
				A0974A4124A62D5500C16547 /* DependentComponentPickerViewController.h */,
				A0974A4224A62D5500C16547 /* DependentComponentPickerViewController.m */,
				A0974A4424A62D6500C16547 /* CustomPickerViewController.h */,
				A0974A4524A62D6500C16547 /* CustomPickerViewController.m */,
				A0974A3524A62CE000C16547 /* DatePickerViewController.h */,
				A0974A3624A62CE000C16547 /* DatePickerViewController.m */,
				A0974A3B24A62D0700C16547 /* DoubleComponentPickerViewController.h */,
				A0974A3C24A62D0700C16547 /* DoubleComponentPickerViewController.m */,
				A0974A1B24A62CAA00C16547 /* Pickers */,
				A0974A1A24A62CAA00C16547 /* Products */,
			);
			sourceTree = "<group>";
		};
		A0974A1A24A62CAA00C16547 /* Products */ = {
			isa = PBXGroup;
			children = (
				A0974A1924A62CAA00C16547 /* Pickers.app */,
			);
			name = Products;
			sourceTree = "<group>";
		};
		A0974A1B24A62CAA00C16547 /* Pickers */ = {
			isa = PBXGroup;
			children = (
				A0974A1C24A62CAA00C16547 /* AppDelegate.h */,
				A0974A1D24A62CAA00C16547 /* AppDelegate.m */,
				A0974A1F24A62CAA00C16547 /* SceneDelegate.h */,
				A0974A2024A62CAA00C16547 /* SceneDelegate.m */,
				A0974A2224A62CAA00C16547 /* ViewController.h */,
				A0974A2324A62CAA00C16547 /* ViewController.m */,
				A0974A2524A62CAA00C16547 /* Main.storyboard */,
				A0974A2824A62CAB00C16547 /* Assets.xcassets */,
				A0974A2A24A62CAB00C16547 /* LaunchScreen.storyboard */,
				A0974A2D24A62CAB00C16547 /* Info.plist */,
				A0974A2E24A62CAB00C16547 /* main.m */,
			);
			path = Pickers;
			sourceTree = "<group>";
		};
/* End PBXGroup section */

/* Begin PBXNativeTarget section */
		A0974A1824A62CAA00C16547 /* Pickers */ = {
			isa = PBXNativeTarget;
			buildConfigurationList = A0974A3224A62CAB00C16547 /* Build configuration list for PBXNativeTarget "Pickers" */;
			buildPhases = (
				A0974A1524A62CAA00C16547 /* Sources */,
				A0974A1624A62CAA00C16547 /* Frameworks */,
				A0974A1724A62CAA00C16547 /* Resources */,
			);
			buildRules = (
			);
			dependencies = (
			);
			name = Pickers;
			productName = Pickers;
			productReference = A0974A1924A62CAA00C16547 /* Pickers.app */;
			productType = "com.apple.product-type.application";
		};
/* End PBXNativeTarget section */

/* Begin PBXProject section */
		A0974A1124A62CAA00C16547 /* Project object */ = {
			isa = PBXProject;
			attributes = {
				LastUpgradeCheck = 1150;
				ORGANIZATIONNAME = nuko;
				TargetAttributes = {
					A0974A1824A62CAA00C16547 = {
						CreatedOnToolsVersion = 11.5;
					};
				};
			};
			buildConfigurationList = A0974A1424A62CAA00C16547 /* Build configuration list for PBXProject "Pickers" */;
			compatibilityVersion = "Xcode 9.3";
			developmentRegion = en;
			hasScannedForEncodings = 0;
			knownRegions = (
				en,
				Base,
			);
			mainGroup = A0974A1024A62CAA00C16547;
			productRefGroup = A0974A1A24A62CAA00C16547 /* Products */;
			projectDirPath = "";
			projectRoot = "";
			targets = (
				A0974A1824A62CAA00C16547 /* Pickers */,
			);
		};
/* End PBXProject section */

/* Begin PBXResourcesBuildPhase section */
		A0974A1724A62CAA00C16547 /* Resources */ = {
			isa = PBXResourcesBuildPhase;
			buildActionMask = 2147483647;
			files = (
				A0974A2C24A62CAB00C16547 /* LaunchScreen.storyboard in Resources */,
				A0974A2924A62CAB00C16547 /* Assets.xcassets in Resources */,
				A0974A2724A62CAA00C16547 /* Main.storyboard in Resources */,
			);
			runOnlyForDeploymentPostprocessing = 0;
		};
/* End PBXResourcesBuildPhase section */

/* Begin PBXSourcesBuildPhase section */
		A0974A1524A62CAA00C16547 /* Sources */ = {
			isa = PBXSourcesBuildPhase;
			buildActionMask = 2147483647;
			files = (
				A0974A3D24A62D0700C16547 /* DoubleComponentPickerViewController.m in Sources */,
				A0974A4624A62D6500C16547 /* CustomPickerViewController.m in Sources */,
				A0974A2424A62CAA00C16547 /* ViewController.m in Sources */,
				A0974A4324A62D5500C16547 /* DependentComponentPickerViewController.m in Sources */,
				A0974A1E24A62CAA00C16547 /* AppDelegate.m in Sources */,
				A0974A2F24A62CAB00C16547 /* main.m in Sources */,
				A0974A4024A62D3500C16547 /* SingleComponentPickerViewController.m in Sources */,
				A0974A3724A62CE000C16547 /* DatePickerViewController.m in Sources */,
				A0974A2124A62CAA00C16547 /* SceneDelegate.m in Sources */,
			);
			runOnlyForDeploymentPostprocessing = 0;
		};
/* End PBXSourcesBuildPhase section */

/* Begin PBXVariantGroup section */
		A0974A2524A62CAA00C16547 /* Main.storyboard */ = {
			isa = PBXVariantGroup;
			children = (
				A0974A2624A62CAA00C16547 /* Base */,
			);
			name = Main.storyboard;
			sourceTree = "<group>";
		};
		A0974A2A24A62CAB00C16547 /* LaunchScreen.storyboard */ = {
			isa = PBXVariantGroup;
			children = (
				A0974A2B24A62CAB00C16547 /* Base */,
			);
			name = LaunchScreen.storyboard;
			sourceTree = "<group>";
		};
/* End PBXVariantGroup section */

/* Begin XCBuildConfiguration section */
		A0974A3024A62CAB00C16547 /* Debug */ = {
			isa = XCBuildConfiguration;
			buildSettings = {
				ALWAYS_SEARCH_USER_PATHS = NO;
				CLANG_ANALYZER_NONNULL = YES;
				CLANG_ANALYZER_NUMBER_OBJECT_CONVERSION = YES_AGGRESSIVE;
				CLANG_CXX_LANGUAGE_STANDARD = "gnu++14";
				CLANG_CXX_LIBRARY = "libc++";
				CLANG_ENABLE_MODULES = YES;
				CLANG_ENABLE_OBJC_ARC = YES;
				CLANG_ENABLE_OBJC_WEAK = YES;
				CLANG_WARN_BLOCK_CAPTURE_AUTORELEASING = YES;
				CLANG_WARN_BOOL_CONVERSION = YES;
				CLANG_WARN_COMMA = YES;
				CLANG_WARN_CONSTANT_CONVERSION = YES;
				CLANG_WARN_DEPRECATED_OBJC_IMPLEMENTATIONS = YES;
				CLANG_WARN_DIRECT_OBJC_ISA_USAGE = YES_ERROR;
				CLANG_WARN_DOCUMENTATION_COMMENTS = YES;
				CLANG_WARN_EMPTY_BODY = YES;
				CLANG_WARN_ENUM_CONVERSION = YES;
				CLANG_WARN_INFINITE_RECURSION = YES;
				CLANG_WARN_INT_CONVERSION = YES;
				CLANG_WARN_NON_LITERAL_NULL_CONVERSION = YES;
				CLANG_WARN_OBJC_IMPLICIT_RETAIN_SELF = YES;
				CLANG_WARN_OBJC_LITERAL_CONVERSION = YES;
				CLANG_WARN_OBJC_ROOT_CLASS = YES_ERROR;
				CLANG_WARN_RANGE_LOOP_ANALYSIS = YES;
				CLANG_WARN_STRICT_PROTOTYPES = YES;
				CLANG_WARN_SUSPICIOUS_MOVE = YES;
				CLANG_WARN_UNGUARDED_AVAILABILITY = YES_AGGRESSIVE;
				CLANG_WARN_UNREACHABLE_CODE = YES;
				CLANG_WARN__DUPLICATE_METHOD_MATCH = YES;
				COPY_PHASE_STRIP = NO;
				DEBUG_INFORMATION_FORMAT = dwarf;
				ENABLE_STRICT_OBJC_MSGSEND = YES;
				ENABLE_TESTABILITY = YES;
				GCC_C_LANGUAGE_STANDARD = gnu11;
				GCC_DYNAMIC_NO_PIC = NO;
				GCC_NO_COMMON_BLOCKS = YES;
				GCC_OPTIMIZATION_LEVEL = 0;
				GCC_PREPROCESSOR_DEFINITIONS = (
					"DEBUG=1",
					"$(inherited)",
				);
				GCC_WARN_64_TO_32_BIT_CONVERSION = YES;
				GCC_WARN_ABOUT_RETURN_TYPE = YES_ERROR;
				GCC_WARN_UNDECLARED_SELECTOR = YES;
				GCC_WARN_UNINITIALIZED_AUTOS = YES_AGGRESSIVE;
				GCC_WARN_UNUSED_FUNCTION = YES;
				GCC_WARN_UNUSED_VARIABLE = YES;
				IPHONEOS_DEPLOYMENT_TARGET = 13.5;
				MTL_ENABLE_DEBUG_INFO = INCLUDE_SOURCE;
				MTL_FAST_MATH = YES;
				ONLY_ACTIVE_ARCH = YES;
				SDKROOT = iphoneos;
			};
			name = Debug;
		};
		A0974A3124A62CAB00C16547 /* Release */ = {
			isa = XCBuildConfiguration;
			buildSettings = {
				ALWAYS_SEARCH_USER_PATHS = NO;
				CLANG_ANALYZER_NONNULL = YES;
				CLANG_ANALYZER_NUMBER_OBJECT_CONVERSION = YES_AGGRESSIVE;
				CLANG_CXX_LANGUAGE_STANDARD = "gnu++14";
				CLANG_CXX_LIBRARY = "libc++";
				CLANG_ENABLE_MODULES = YES;
				CLANG_ENABLE_OBJC_ARC = YES;
				CLANG_ENABLE_OBJC_WEAK = YES;
				CLANG_WARN_BLOCK_CAPTURE_AUTORELEASING = YES;
				CLANG_WARN_BOOL_CONVERSION = YES;
				CLANG_WARN_COMMA = YES;
				CLANG_WARN_CONSTANT_CONVERSION = YES;
				CLANG_WARN_DEPRECATED_OBJC_IMPLEMENTATIONS = YES;
				CLANG_WARN_DIRECT_OBJC_ISA_USAGE = YES_ERROR;
				CLANG_WARN_DOCUMENTATION_COMMENTS = YES;
				CLANG_WARN_EMPTY_BODY = YES;
				CLANG_WARN_ENUM_CONVERSION = YES;
				CLANG_WARN_INFINITE_RECURSION = YES;
				CLANG_WARN_INT_CONVERSION = YES;
				CLANG_WARN_NON_LITERAL_NULL_CONVERSION = YES;
				CLANG_WARN_OBJC_IMPLICIT_RETAIN_SELF = YES;
				CLANG_WARN_OBJC_LITERAL_CONVERSION = YES;
				CLANG_WARN_OBJC_ROOT_CLASS = YES_ERROR;
				CLANG_WARN_RANGE_LOOP_ANALYSIS = YES;
				CLANG_WARN_STRICT_PROTOTYPES = YES;
				CLANG_WARN_SUSPICIOUS_MOVE = YES;
				CLANG_WARN_UNGUARDED_AVAILABILITY = YES_AGGRESSIVE;
				CLANG_WARN_UNREACHABLE_CODE = YES;
				CLANG_WARN__DUPLICATE_METHOD_MATCH = YES;
				COPY_PHASE_STRIP = NO;
				DEBUG_INFORMATION_FORMAT = "dwarf-with-dsym";
				ENABLE_NS_ASSERTIONS = NO;
				ENABLE_STRICT_OBJC_MSGSEND = YES;
				GCC_C_LANGUAGE_STANDARD = gnu11;
				GCC_NO_COMMON_BLOCKS = YES;
				GCC_WARN_64_TO_32_BIT_CONVERSION = YES;
				GCC_WARN_ABOUT_RETURN_TYPE = YES_ERROR;
				GCC_WARN_UNDECLARED_SELECTOR = YES;
				GCC_WARN_UNINITIALIZED_AUTOS = YES_AGGRESSIVE;
				GCC_WARN_UNUSED_FUNCTION = YES;
				GCC_WARN_UNUSED_VARIABLE = YES;
				IPHONEOS_DEPLOYMENT_TARGET = 13.5;
				MTL_ENABLE_DEBUG_INFO = NO;
				MTL_FAST_MATH = YES;
				SDKROOT = iphoneos;
				VALIDATE_PRODUCT = YES;
			};
			name = Release;
		};
		A0974A3324A62CAB00C16547 /* Debug */ = {
			isa = XCBuildConfiguration;
			buildSettings = {
				ASSETCATALOG_COMPILER_APPICON_NAME = AppIcon;
				CODE_SIGN_STYLE = Automatic;
				DEVELOPMENT_TEAM = 398CU38BG6;
				INFOPLIST_FILE = Pickers/Info.plist;
				IPHONEOS_DEPLOYMENT_TARGET = 13.2;
				LD_RUNPATH_SEARCH_PATHS = (
					"$(inherited)",
					"@executable_path/Frameworks",
				);
				PRODUCT_BUNDLE_IDENTIFIER = com.nuko.Pickers;
				PRODUCT_NAME = "$(TARGET_NAME)";
				TARGETED_DEVICE_FAMILY = "1,2";
			};
			name = Debug;
		};
		A0974A3424A62CAB00C16547 /* Release */ = {
			isa = XCBuildConfiguration;
			buildSettings = {
				ASSETCATALOG_COMPILER_APPICON_NAME = AppIcon;
				CODE_SIGN_STYLE = Automatic;
				DEVELOPMENT_TEAM = 398CU38BG6;
				INFOPLIST_FILE = Pickers/Info.plist;
				IPHONEOS_DEPLOYMENT_TARGET = 13.2;
				LD_RUNPATH_SEARCH_PATHS = (
					"$(inherited)",
					"@executable_path/Frameworks",
				);
				PRODUCT_BUNDLE_IDENTIFIER = com.nuko.Pickers;
				PRODUCT_NAME = "$(TARGET_NAME)";
				TARGETED_DEVICE_FAMILY = "1,2";
			};
			name = Release;
		};
/* End XCBuildConfiguration section */

/* Begin XCConfigurationList section */
		A0974A1424A62CAA00C16547 /* Build configuration list for PBXProject "Pickers" */ = {
			isa = XCConfigurationList;
			buildConfigurations = (
				A0974A3024A62CAB00C16547 /* Debug */,
				A0974A3124A62CAB00C16547 /* Release */,
			);
			defaultConfigurationIsVisible = 0;
			defaultConfigurationName = Release;
		};
		A0974A3224A62CAB00C16547 /* Build configuration list for PBXNativeTarget "Pickers" */ = {
			isa = XCConfigurationList;
			buildConfigurations = (
				A0974A3324A62CAB00C16547 /* Debug */,
				A0974A3424A62CAB00C16547 /* Release */,
			);
			defaultConfigurationIsVisible = 0;
			defaultConfigurationName = Release;
		};
/* End XCConfigurationList section */
	};
	rootObject = A0974A1124A62CAA00C16547 /* Project object */;
}
