// !$*UTF8*$!
{
	archiveVersion = 1;
	classes = {
	};
	objectVersion = 50;
	objects = {

/* Begin PBXBuildFile section */
		A0CD280324A8EB6800DE68E9 /* AppDelegate.m in Sources */ = {isa = PBXBuildFile; fileRef = A0CD280224A8EB6800DE68E9 /* AppDelegate.m */; };
		A0CD280624A8EB6800DE68E9 /* SceneDelegate.m in Sources */ = {isa = PBXBuildFile; fileRef = A0CD280524A8EB6800DE68E9 /* SceneDelegate.m */; };
		A0CD280924A8EB6800DE68E9 /* MasterViewController.m in Sources */ = {isa = PBXBuildFile; fileRef = A0CD280824A8EB6800DE68E9 /* MasterViewController.m */; };
		A0CD280C24A8EB6800DE68E9 /* DetailViewController.m in Sources */ = {isa = PBXBuildFile; fileRef = A0CD280B24A8EB6800DE68E9 /* DetailViewController.m */; };
		A0CD280F24A8EB6800DE68E9 /* Main.storyboard in Resources */ = {isa = PBXBuildFile; fileRef = A0CD280D24A8EB6800DE68E9 /* Main.storyboard */; };
		A0CD281124A8EB6800DE68E9 /* Assets.xcassets in Resources */ = {isa = PBXBuildFile; fileRef = A0CD281024A8EB6800DE68E9 /* Assets.xcassets */; };
		A0CD281424A8EB6800DE68E9 /* LaunchScreen.storyboard in Resources */ = {isa = PBXBuildFile; fileRef = A0CD281224A8EB6800DE68E9 /* LaunchScreen.storyboard */; };
		A0CD281724A8EB6800DE68E9 /* main.m in Sources */ = {isa = PBXBuildFile; fileRef = A0CD281624A8EB6800DE68E9 /* main.m */; };
		A0CD281F24A9854400DE68E9 /* LanguageListController.m in Sources */ = {isa = PBXBuildFile; fileRef = A0CD281E24A9854400DE68E9 /* LanguageListController.m */; };
/* End PBXBuildFile section */

/* Begin PBXFileReference section */
		A0CD27FE24A8EB6800DE68E9 /* Presidents.app */ = {isa = PBXFileReference; explicitFileType = wrapper.application; includeInIndex = 0; path = Presidents.app; sourceTree = BUILT_PRODUCTS_DIR; };
		A0CD280124A8EB6800DE68E9 /* AppDelegate.h */ = {isa = PBXFileReference; lastKnownFileType = sourcecode.c.h; path = AppDelegate.h; sourceTree = "<group>"; };
		A0CD280224A8EB6800DE68E9 /* AppDelegate.m */ = {isa = PBXFileReference; lastKnownFileType = sourcecode.c.objc; path = AppDelegate.m; sourceTree = "<group>"; };
		A0CD280424A8EB6800DE68E9 /* SceneDelegate.h */ = {isa = PBXFileReference; lastKnownFileType = sourcecode.c.h; path = SceneDelegate.h; sourceTree = "<group>"; };
		A0CD280524A8EB6800DE68E9 /* SceneDelegate.m */ = {isa = PBXFileReference; lastKnownFileType = sourcecode.c.objc; path = SceneDelegate.m; sourceTree = "<group>"; };
		A0CD280724A8EB6800DE68E9 /* MasterViewController.h */ = {isa = PBXFileReference; lastKnownFileType = sourcecode.c.h; path = MasterViewController.h; sourceTree = "<group>"; };
		A0CD280824A8EB6800DE68E9 /* MasterViewController.m */ = {isa = PBXFileReference; lastKnownFileType = sourcecode.c.objc; path = MasterViewController.m; sourceTree = "<group>"; };
		A0CD280A24A8EB6800DE68E9 /* DetailViewController.h */ = {isa = PBXFileReference; lastKnownFileType = sourcecode.c.h; path = DetailViewController.h; sourceTree = "<group>"; };
		A0CD280B24A8EB6800DE68E9 /* DetailViewController.m */ = {isa = PBXFileReference; lastKnownFileType = sourcecode.c.objc; path = DetailViewController.m; sourceTree = "<group>"; };
		A0CD280E24A8EB6800DE68E9 /* Base */ = {isa = PBXFileReference; lastKnownFileType = file.storyboard; name = Base; path = Base.lproj/Main.storyboard; sourceTree = "<group>"; };
		A0CD281024A8EB6800DE68E9 /* Assets.xcassets */ = {isa = PBXFileReference; lastKnownFileType = folder.assetcatalog; path = Assets.xcassets; sourceTree = "<group>"; };
		A0CD281324A8EB6800DE68E9 /* Base */ = {isa = PBXFileReference; lastKnownFileType = file.storyboard; name = Base; path = Base.lproj/LaunchScreen.storyboard; sourceTree = "<group>"; };
		A0CD281524A8EB6800DE68E9 /* Info.plist */ = {isa = PBXFileReference; lastKnownFileType = text.plist.xml; path = Info.plist; sourceTree = "<group>"; };
		A0CD281624A8EB6800DE68E9 /* main.m */ = {isa = PBXFileReference; lastKnownFileType = sourcecode.c.objc; path = main.m; sourceTree = "<group>"; };
		A0CD281D24A9854400DE68E9 /* LanguageListController.h */ = {isa = PBXFileReference; lastKnownFileType = sourcecode.c.h; path = LanguageListController.h; sourceTree = "<group>"; };
		A0CD281E24A9854400DE68E9 /* LanguageListController.m */ = {isa = PBXFileReference; lastKnownFileType = sourcecode.c.objc; path = LanguageListController.m; sourceTree = "<group>"; };
/* End PBXFileReference section */

/* Begin PBXFrameworksBuildPhase section */
		A0CD27FB24A8EB6800DE68E9 /* Frameworks */ = {
			isa = PBXFrameworksBuildPhase;
			buildActionMask = 2147483647;
			files = (
			);
			runOnlyForDeploymentPostprocessing = 0;
		};
/* End PBXFrameworksBuildPhase section */

/* Begin PBXGroup section */
		A0CD27F524A8EB6800DE68E9 = {
			isa = PBXGroup;
			children = (
				A0CD280024A8EB6800DE68E9 /* Presidents */,
				A0CD27FF24A8EB6800DE68E9 /* Products */,
			);
			sourceTree = "<group>";
		};
		A0CD27FF24A8EB6800DE68E9 /* Products */ = {
			isa = PBXGroup;
			children = (
				A0CD27FE24A8EB6800DE68E9 /* Presidents.app */,
			);
			name = Products;
			sourceTree = "<group>";
		};
		A0CD280024A8EB6800DE68E9 /* Presidents */ = {
			isa = PBXGroup;
			children = (
				A0CD280124A8EB6800DE68E9 /* AppDelegate.h */,
				A0CD280224A8EB6800DE68E9 /* AppDelegate.m */,
				A0CD280424A8EB6800DE68E9 /* SceneDelegate.h */,
				A0CD280524A8EB6800DE68E9 /* SceneDelegate.m */,
				A0CD280724A8EB6800DE68E9 /* MasterViewController.h */,
				A0CD280824A8EB6800DE68E9 /* MasterViewController.m */,
				A0CD280A24A8EB6800DE68E9 /* DetailViewController.h */,
				A0CD280B24A8EB6800DE68E9 /* DetailViewController.m */,
				A0CD280D24A8EB6800DE68E9 /* Main.storyboard */,
				A0CD281D24A9854400DE68E9 /* LanguageListController.h */,
				A0CD281E24A9854400DE68E9 /* LanguageListController.m */,
				A0CD281024A8EB6800DE68E9 /* Assets.xcassets */,
				A0CD281224A8EB6800DE68E9 /* LaunchScreen.storyboard */,
				A0CD281524A8EB6800DE68E9 /* Info.plist */,
				A0CD281624A8EB6800DE68E9 /* main.m */,
			);
			path = Presidents;
			sourceTree = "<group>";
		};
/* End PBXGroup section */

/* Begin PBXNativeTarget section */
		A0CD27FD24A8EB6800DE68E9 /* Presidents */ = {
			isa = PBXNativeTarget;
			buildConfigurationList = A0CD281A24A8EB6800DE68E9 /* Build configuration list for PBXNativeTarget "Presidents" */;
			buildPhases = (
				A0CD27FA24A8EB6800DE68E9 /* Sources */,
				A0CD27FB24A8EB6800DE68E9 /* Frameworks */,
				A0CD27FC24A8EB6800DE68E9 /* Resources */,
			);
			buildRules = (
			);
			dependencies = (
			);
			name = Presidents;
			productName = Presidents;
			productReference = A0CD27FE24A8EB6800DE68E9 /* Presidents.app */;
			productType = "com.apple.product-type.application";
		};
/* End PBXNativeTarget section */

/* Begin PBXProject section */
		A0CD27F624A8EB6800DE68E9 /* Project object */ = {
			isa = PBXProject;
			attributes = {
				LastUpgradeCheck = 1150;
				ORGANIZATIONNAME = nuko;
				TargetAttributes = {
					A0CD27FD24A8EB6800DE68E9 = {
						CreatedOnToolsVersion = 11.5;
					};
				};
			};
			buildConfigurationList = A0CD27F924A8EB6800DE68E9 /* Build configuration list for PBXProject "Presidents" */;
			compatibilityVersion = "Xcode 9.3";
			developmentRegion = en;
			hasScannedForEncodings = 0;
			knownRegions = (
				en,
				Base,
			);
			mainGroup = A0CD27F524A8EB6800DE68E9;
			productRefGroup = A0CD27FF24A8EB6800DE68E9 /* Products */;
			projectDirPath = "";
			projectRoot = "";
			targets = (
				A0CD27FD24A8EB6800DE68E9 /* Presidents */,
			);
		};
/* End PBXProject section */

/* Begin PBXResourcesBuildPhase section */
		A0CD27FC24A8EB6800DE68E9 /* Resources */ = {
			isa = PBXResourcesBuildPhase;
			buildActionMask = 2147483647;
			files = (
				A0CD281424A8EB6800DE68E9 /* LaunchScreen.storyboard in Resources */,
				A0CD281124A8EB6800DE68E9 /* Assets.xcassets in Resources */,
				A0CD280F24A8EB6800DE68E9 /* Main.storyboard in Resources */,
			);
			runOnlyForDeploymentPostprocessing = 0;
		};
/* End PBXResourcesBuildPhase section */

/* Begin PBXSourcesBuildPhase section */
		A0CD27FA24A8EB6800DE68E9 /* Sources */ = {
			isa = PBXSourcesBuildPhase;
			buildActionMask = 2147483647;
			files = (
				A0CD281724A8EB6800DE68E9 /* main.m in Sources */,
				A0CD280324A8EB6800DE68E9 /* AppDelegate.m in Sources */,
				A0CD280924A8EB6800DE68E9 /* MasterViewController.m in Sources */,
				A0CD280624A8EB6800DE68E9 /* SceneDelegate.m in Sources */,
				A0CD281F24A9854400DE68E9 /* LanguageListController.m in Sources */,
				A0CD280C24A8EB6800DE68E9 /* DetailViewController.m in Sources */,
			);
			runOnlyForDeploymentPostprocessing = 0;
		};
/* End PBXSourcesBuildPhase section */

/* Begin PBXVariantGroup section */
		A0CD280D24A8EB6800DE68E9 /* Main.storyboard */ = {
			isa = PBXVariantGroup;
			children = (
				A0CD280E24A8EB6800DE68E9 /* Base */,
			);
			name = Main.storyboard;
			sourceTree = "<group>";
		};
		A0CD281224A8EB6800DE68E9 /* LaunchScreen.storyboard */ = {
			isa = PBXVariantGroup;
			children = (
				A0CD281324A8EB6800DE68E9 /* Base */,
			);
			name = LaunchScreen.storyboard;
			sourceTree = "<group>";
		};
/* End PBXVariantGroup section */

/* Begin XCBuildConfiguration section */
		A0CD281824A8EB6800DE68E9 /* Debug */ = {
			isa = XCBuildConfiguration;
			buildSettings = {
				ALWAYS_SEARCH_USER_PATHS = NO;
				CLANG_ANALYZER_NONNULL = YES;
				CLANG_ANALYZER_NUMBER_OBJECT_CONVERSION = YES_AGGRESSIVE;
				CLANG_CXX_LANGUAGE_STANDARD = "gnu++14";
				CLANG_CXX_LIBRARY = "libc++";
				CLANG_ENABLE_MODULES = YES;
				CLANG_ENABLE_OBJC_ARC = YES;
				CLANG_ENABLE_OBJC_WEAK = YES;
				CLANG_WARN_BLOCK_CAPTURE_AUTORELEASING = YES;
				CLANG_WARN_BOOL_CONVERSION = YES;
				CLANG_WARN_COMMA = YES;
				CLANG_WARN_CONSTANT_CONVERSION = YES;
				CLANG_WARN_DEPRECATED_OBJC_IMPLEMENTATIONS = YES;
				CLANG_WARN_DIRECT_OBJC_ISA_USAGE = YES_ERROR;
				CLANG_WARN_DOCUMENTATION_COMMENTS = YES;
				CLANG_WARN_EMPTY_BODY = YES;
				CLANG_WARN_ENUM_CONVERSION = YES;
				CLANG_WARN_INFINITE_RECURSION = YES;
				CLANG_WARN_INT_CONVERSION = YES;
				CLANG_WARN_NON_LITERAL_NULL_CONVERSION = YES;
				CLANG_WARN_OBJC_IMPLICIT_RETAIN_SELF = YES;
				CLANG_WARN_OBJC_LITERAL_CONVERSION = YES;
				CLANG_WARN_OBJC_ROOT_CLASS = YES_ERROR;
				CLANG_WARN_RANGE_LOOP_ANALYSIS = YES;
				CLANG_WARN_STRICT_PROTOTYPES = YES;
				CLANG_WARN_SUSPICIOUS_MOVE = YES;
				CLANG_WARN_UNGUARDED_AVAILABILITY = YES_AGGRESSIVE;
				CLANG_WARN_UNREACHABLE_CODE = YES;
				CLANG_WARN__DUPLICATE_METHOD_MATCH = YES;
				COPY_PHASE_STRIP = NO;
				DEBUG_INFORMATION_FORMAT = dwarf;
				ENABLE_STRICT_OBJC_MSGSEND = YES;
				ENABLE_TESTABILITY = YES;
				GCC_C_LANGUAGE_STANDARD = gnu11;
				GCC_DYNAMIC_NO_PIC = NO;
				GCC_NO_COMMON_BLOCKS = YES;
				GCC_OPTIMIZATION_LEVEL = 0;
				GCC_PREPROCESSOR_DEFINITIONS = (
					"DEBUG=1",
					"$(inherited)",
				);
				GCC_WARN_64_TO_32_BIT_CONVERSION = YES;
				GCC_WARN_ABOUT_RETURN_TYPE = YES_ERROR;
				GCC_WARN_UNDECLARED_SELECTOR = YES;
				GCC_WARN_UNINITIALIZED_AUTOS = YES_AGGRESSIVE;
				GCC_WARN_UNUSED_FUNCTION = YES;
				GCC_WARN_UNUSED_VARIABLE = YES;
				IPHONEOS_DEPLOYMENT_TARGET = 13.5;
				MTL_ENABLE_DEBUG_INFO = INCLUDE_SOURCE;
				MTL_FAST_MATH = YES;
				ONLY_ACTIVE_ARCH = YES;
				SDKROOT = iphoneos;
			};
			name = Debug;
		};
		A0CD281924A8EB6800DE68E9 /* Release */ = {
			isa = XCBuildConfiguration;
			buildSettings = {
				ALWAYS_SEARCH_USER_PATHS = NO;
				CLANG_ANALYZER_NONNULL = YES;
				CLANG_ANALYZER_NUMBER_OBJECT_CONVERSION = YES_AGGRESSIVE;
				CLANG_CXX_LANGUAGE_STANDARD = "gnu++14";
				CLANG_CXX_LIBRARY = "libc++";
				CLANG_ENABLE_MODULES = YES;
				CLANG_ENABLE_OBJC_ARC = YES;
				CLANG_ENABLE_OBJC_WEAK = YES;
				CLANG_WARN_BLOCK_CAPTURE_AUTORELEASING = YES;
				CLANG_WARN_BOOL_CONVERSION = YES;
				CLANG_WARN_COMMA = YES;
				CLANG_WARN_CONSTANT_CONVERSION = YES;
				CLANG_WARN_DEPRECATED_OBJC_IMPLEMENTATIONS = YES;
				CLANG_WARN_DIRECT_OBJC_ISA_USAGE = YES_ERROR;
				CLANG_WARN_DOCUMENTATION_COMMENTS = YES;
				CLANG_WARN_EMPTY_BODY = YES;
				CLANG_WARN_ENUM_CONVERSION = YES;
				CLANG_WARN_INFINITE_RECURSION = YES;
				CLANG_WARN_INT_CONVERSION = YES;
				CLANG_WARN_NON_LITERAL_NULL_CONVERSION = YES;
				CLANG_WARN_OBJC_IMPLICIT_RETAIN_SELF = YES;
				CLANG_WARN_OBJC_LITERAL_CONVERSION = YES;
				CLANG_WARN_OBJC_ROOT_CLASS = YES_ERROR;
				CLANG_WARN_RANGE_LOOP_ANALYSIS = YES;
				CLANG_WARN_STRICT_PROTOTYPES = YES;
				CLANG_WARN_SUSPICIOUS_MOVE = YES;
				CLANG_WARN_UNGUARDED_AVAILABILITY = YES_AGGRESSIVE;
				CLANG_WARN_UNREACHABLE_CODE = YES;
				CLANG_WARN__DUPLICATE_METHOD_MATCH = YES;
				COPY_PHASE_STRIP = NO;
				DEBUG_INFORMATION_FORMAT = "dwarf-with-dsym";
				ENABLE_NS_ASSERTIONS = NO;
				ENABLE_STRICT_OBJC_MSGSEND = YES;
				GCC_C_LANGUAGE_STANDARD = gnu11;
				GCC_NO_COMMON_BLOCKS = YES;
				GCC_WARN_64_TO_32_BIT_CONVERSION = YES;
				GCC_WARN_ABOUT_RETURN_TYPE = YES_ERROR;
				GCC_WARN_UNDECLARED_SELECTOR = YES;
				GCC_WARN_UNINITIALIZED_AUTOS = YES_AGGRESSIVE;
				GCC_WARN_UNUSED_FUNCTION = YES;
				GCC_WARN_UNUSED_VARIABLE = YES;
				IPHONEOS_DEPLOYMENT_TARGET = 13.5;
				MTL_ENABLE_DEBUG_INFO = NO;
				MTL_FAST_MATH = YES;
				SDKROOT = iphoneos;
				VALIDATE_PRODUCT = YES;
			};
			name = Release;
		};
		A0CD281B24A8EB6800DE68E9 /* Debug */ = {
			isa = XCBuildConfiguration;
			buildSettings = {
				ASSETCATALOG_COMPILER_APPICON_NAME = AppIcon;
				CODE_SIGN_STYLE = Automatic;
				DEVELOPMENT_TEAM = 398CU38BG6;
				INFOPLIST_FILE = Presidents/Info.plist;
				IPHONEOS_DEPLOYMENT_TARGET = 13.2;
				LD_RUNPATH_SEARCH_PATHS = (
					"$(inherited)",
					"@executable_path/Frameworks",
				);
				PRODUCT_BUNDLE_IDENTIFIER = com.nuko.Pickers;
				PRODUCT_NAME = "$(TARGET_NAME)";
				TARGETED_DEVICE_FAMILY = "1,2";
			};
			name = Debug;
		};
		A0CD281C24A8EB6800DE68E9 /* Release */ = {
			isa = XCBuildConfiguration;
			buildSettings = {
				ASSETCATALOG_COMPILER_APPICON_NAME = AppIcon;
				CODE_SIGN_STYLE = Automatic;
				DEVELOPMENT_TEAM = 398CU38BG6;
				INFOPLIST_FILE = Presidents/Info.plist;
				IPHONEOS_DEPLOYMENT_TARGET = 13.2;
				LD_RUNPATH_SEARCH_PATHS = (
					"$(inherited)",
					"@executable_path/Frameworks",
				);
				PRODUCT_BUNDLE_IDENTIFIER = com.nuko.Pickers;
				PRODUCT_NAME = "$(TARGET_NAME)";
				TARGETED_DEVICE_FAMILY = "1,2";
			};
			name = Release;
		};
/* End XCBuildConfiguration section */

/* Begin XCConfigurationList section */
		A0CD27F924A8EB6800DE68E9 /* Build configuration list for PBXProject "Presidents" */ = {
			isa = XCConfigurationList;
			buildConfigurations = (
				A0CD281824A8EB6800DE68E9 /* Debug */,
				A0CD281924A8EB6800DE68E9 /* Release */,
			);
			defaultConfigurationIsVisible = 0;
			defaultConfigurationName = Release;
		};
		A0CD281A24A8EB6800DE68E9 /* Build configuration list for PBXNativeTarget "Presidents" */ = {
			isa = XCConfigurationList;
			buildConfigurations = (
				A0CD281B24A8EB6800DE68E9 /* Debug */,
				A0CD281C24A8EB6800DE68E9 /* Release */,
			);
			defaultConfigurationIsVisible = 0;
			defaultConfigurationName = Release;
		};
/* End XCConfigurationList section */
	};
	rootObject = A0CD27F624A8EB6800DE68E9 /* Project object */;
}
